github.com/fsnotify/fsnotify v1.9.0 h1:2Ml+OJNzbYCTzsxtv8vKSFD9PbJjmhYF14k/jKC7S9k=
github.com/fsnotify/fsnotify v1.9.0/go.mod h1:8jBTzvmWwFyi3Pb8djgCCO5IBqzKJ/Jwo8TRcHyHii0=
github.com/ibmdb/go_ibm_db v0.5.4 h1:cveEOt1J2PoQivQdxIQB0f8ugDJYKaSmh7RUKAaJyAE=
github.com/ibmdb/go_ibm_db v0.5.4/go.mod h1:BA12Alfe+h5BMGZGE+b0pqP4leILZkpoxe5qr/iMoHw=
github.com/ibmruntimes/go-recordio/v2 v2.0.0-20240416213906-ae0ad556db70 h1:muF5XqVkHnMdbMDXusPdKtuT8qWzefBgSuLH1JVHcC4=
github.com/ibmruntimes/go-recordio/v2 v2.0.0-20240416213906-ae0ad556db70/go.mod h1:NSpUK0x9IyEoM1EjTp2/S8ErxZfRHoA2DfwiYobFSkc=
github.com/lib/pq v1.11.2 h1:x6gxUeu39V0BHZiugWe8LXZYZ+Utk7hSJGThs8sdzfs=
github.com/lib/pq v1.11.2/go.mod h1:/p+8NSbOcwzAEI7wiMXFlgydTwcgTr3OSKMsD2BitpA=
golang.org/x/sys v0.13.0 h1:Af8nKPmuFypiUBjVoU9V20FiaFXOcuZI21p0ycVYYGE=
golang.org/x/sys v0.13.0/go.mod h1:oPkhp1MJrh7nUepCBck5+mAzfO9JrbApNNgaTdGDITg=
